
Microsoft Visual Studio Solution File, Format Version 12.00
# Visual Studio Version 17
VisualStudioVersion = 17.11.35312.102
MinimumVisualStudioVersion = 10.0.40219.1
Project("{54A90642-561A-4BB1-A94E-469ADEE60C69}") = "example", "example\example.esproj", "{7299ABA3-498C-4823-ACEC-CD3A5047D29C}"
EndProject
Global
	GlobalSection(SolutionConfigurationPlatforms) = preSolution
		Debug|Any CPU = Debug|Any CPU
		Release|Any CPU = Release|Any CPU
	EndGlobalSection
	GlobalSection(ProjectConfigurationPlatforms) = postSolution
		{7299ABA3-498C-4823-ACEC-CD3A5047D29C}.Debug|Any CPU.ActiveCfg = Debug|Any CPU
		{7299ABA3-498C-4823-ACEC-CD3A5047D29C}.Debug|Any CPU.Build.0 = Debug|Any CPU
		{7299ABA3-498C-4823-ACEC-CD3A5047D29C}.Debug|Any CPU.Deploy.0 = Debug|Any CPU
		{7299ABA3-498C-4823-ACEC-CD3A5047D29C}.Release|Any CPU.ActiveCfg = Release|Any CPU
		{7299ABA3-498C-4823-ACEC-CD3A5047D29C}.Release|Any CPU.Build.0 = Release|Any CPU
		{7299ABA3-498C-4823-ACEC-CD3A5047D29C}.Release|Any CPU.Deploy.0 = Release|Any CPU
	EndGlobalSection
	GlobalSection(SolutionProperties) = preSolution
		HideSolutionNode = FALSE
	EndGlobalSection
	GlobalSection(ExtensibilityGlobals) = postSolution
		SolutionGuid = {51067843-3BC3-4BED-87FE-FF8A39BE7E30}
	EndGlobalSection
EndGlobal
